
Microsoft Visual Studio Solution File, Format Version 12.00
# Visual Studio Version 17
VisualStudioVersion = 17.8.34511.84
MinimumVisualStudioVersion = 10.0.40219.1
Project("{FAE04EC0-301F-11D3-BF4B-00C04F79EFBC}") = "BugFix", "BugFix\BugFix.csproj", "{3BFF3A39-088C-4427-BADD-51D8571E9FBC}"
EndProject
Global
	GlobalSection(SolutionConfigurationPlatforms) = preSolution
		Debug|Any CPU = Debug|Any CPU
		Release|Any CPU = Release|Any CPU
	EndGlobalSection
	GlobalSection(ProjectConfigurationPlatforms) = postSolution
		{3BFF3A39-088C-4427-BADD-51D8571E9FBC}.Debug|Any CPU.ActiveCfg = Debug|Any CPU
		{3BFF3A39-088C-4427-BADD-51D8571E9FBC}.Debug|Any CPU.Build.0 = Debug|Any CPU
		{3BFF3A39-088C-4427-BADD-51D8571E9FBC}.Release|Any CPU.ActiveCfg = Release|Any CPU
		{3BFF3A39-088C-4427-BADD-51D8571E9FBC}.Release|Any CPU.Build.0 = Release|Any CPU
	EndGlobalSection
	GlobalSection(SolutionProperties) = preSolution
		HideSolutionNode = FALSE
	EndGlobalSection
	GlobalSection(ExtensibilityGlobals) = postSolution
		SolutionGuid = {D6C02AE7-8EFC-4E11-BD51-498F9FF2E1D9}
	EndGlobalSection
EndGlobal
